PODS:
  - Bugly (2.5.0)
  - SVProgressHUD (2.1.2)

DEPENDENCIES:
  - Bugly (= 2.5.0)
  - SVProgressHUD (= 2.1.2)

SPEC REPOS:
  https://github.com/cocoapods/specs.git:
    - Bugly
    - SVProgressHUD

SPEC CHECKSUMS:
  Bugly: 3ca9f255c01025582df26f9222893b383c7e4b4e
  SVProgressHUD: c404a55d78acbeb7ebb78b76d3faf986475a6994

PODFILE CHECKSUM: 5e90101fe311e3fe20d659e30fd7685798c10346

COCOAPODS: 1.5.3
